
Microsoft Visual Studio Solution File, Format Version 12.00
# Visual Studio Version 17
VisualStudioVersion = 17.12.35707.178 d17.12
MinimumVisualStudioVersion = 10.0.40219.1
Project("{FAE04EC0-301F-11D3-BF4B-00C04F79EFBC}") = "Task1", "Task1\Task1.csproj", "{224E1E2A-C977-4646-9A70-C07740D5DA0E}"
EndProject
Project("{FAE04EC0-301F-11D3-BF4B-00C04F79EFBC}") = "Task2", "Task2\Task2.csproj", "{A76FCE31-8FA1-496D-B230-3C1117A9DA92}"
EndProject
Global
	GlobalSection(SolutionConfigurationPlatforms) = preSolution
		Debug|Any CPU = Debug|Any CPU
		Release|Any CPU = Release|Any CPU
	EndGlobalSection
	GlobalSection(ProjectConfigurationPlatforms) = postSolution
		{224E1E2A-C977-4646-9A70-C07740D5DA0E}.Debug|Any CPU.ActiveCfg = Debug|Any CPU
		{224E1E2A-C977-4646-9A70-C07740D5DA0E}.Debug|Any CPU.Build.0 = Debug|Any CPU
		{224E1E2A-C977-4646-9A70-C07740D5DA0E}.Release|Any CPU.ActiveCfg = Release|Any CPU
		{224E1E2A-C977-4646-9A70-C07740D5DA0E}.Release|Any CPU.Build.0 = Release|Any CPU
		{A76FCE31-8FA1-496D-B230-3C1117A9DA92}.Debug|Any CPU.ActiveCfg = Debug|Any CPU
		{A76FCE31-8FA1-496D-B230-3C1117A9DA92}.Debug|Any CPU.Build.0 = Debug|Any CPU
		{A76FCE31-8FA1-496D-B230-3C1117A9DA92}.Release|Any CPU.ActiveCfg = Release|Any CPU
		{A76FCE31-8FA1-496D-B230-3C1117A9DA92}.Release|Any CPU.Build.0 = Release|Any CPU
	EndGlobalSection
	GlobalSection(SolutionProperties) = preSolution
		HideSolutionNode = FALSE
	EndGlobalSection
EndGlobal
